
Microsoft Visual Studio Solution File, Format Version 12.00
# Visual Studio Version 17
VisualStudioVersion = 17.2.32630.192
MinimumVisualStudioVersion = 10.0.40219.1
Project("{FAE04EC0-301F-11D3-BF4B-00C04F79EFBC}") = "GoodBooksWeb", "GoodBooksWeb\GoodBooksWeb.csproj", "{EF74EC75-4E38-4E64-941B-1E1D13B79388}"
EndProject
Global
	GlobalSection(SolutionConfigurationPlatforms) = preSolution
		Debug|Any CPU = Debug|Any CPU
		Release|Any CPU = Release|Any CPU
	EndGlobalSection
	GlobalSection(ProjectConfigurationPlatforms) = postSolution
		{EF74EC75-4E38-4E64-941B-1E1D13B79388}.Debug|Any CPU.ActiveCfg = Debug|Any CPU
		{EF74EC75-4E38-4E64-941B-1E1D13B79388}.Debug|Any CPU.Build.0 = Debug|Any CPU
		{EF74EC75-4E38-4E64-941B-1E1D13B79388}.Release|Any CPU.ActiveCfg = Release|Any CPU
		{EF74EC75-4E38-4E64-941B-1E1D13B79388}.Release|Any CPU.Build.0 = Release|Any CPU
	EndGlobalSection
	GlobalSection(SolutionProperties) = preSolution
		HideSolutionNode = FALSE
	EndGlobalSection
	GlobalSection(ExtensibilityGlobals) = postSolution
		SolutionGuid = {6468DBF8-4A47-414A-9E50-5DA4B49EADF4}
	EndGlobalSection
EndGlobal
